{
  "originHash" : "afc7d2beea907817792a5a65dcb56203c6ebfd3374b5a737db35cef5bc26b54f",
  "pins" : [
    {
      "identity" : "typewhisperpluginsdk",
      "kind" : "remoteSourceControl",
      "location" : "https://github.com/TypeWhisper/TypeWhisperPluginSDK.git",
      "state" : {
        "revision" : "d8b3c3a7751a0ffa0225a50ca866bbab2315720e",
        "version" : "1.0.0"
      }
    }
  ],
  "version" : 3
}
